{
  "version": 4,
  "terraform_version": "1.13.3",
  "serial": 8,
  "lineage": "e8bcd59e-1a4d-3b90-58b1-d3736a8584f2",
  "outputs": {
    "ec2_public_dns": {
      "value": "ec2-44-222-254-184.compute-1.amazonaws.com",
      "type": "string"
    },
    "ec2_public_ip": {
      "value": "44.222.254.184",
      "type": "string"
    }
  },
  "resources": [
    {
      "mode": "data",
      "type": "aws_ami",
      "name": "al2023",
      "provider": "provider[\"registry.terraform.io/hashicorp/aws\"]",
      "instances": [
        {
          "schema_version": 0,
          "attributes": {
            "architecture": "x86_64",
            "arn": "arn:aws:ec2:us-east-1::image/ami-0dce106871a7b4aa6",
            "block_device_mappings": [
              {
                "device_name": "/dev/xvda",
                "ebs": {
                  "delete_on_termination": "true",
                  "encrypted": "false",
                  "iops": "3000",
                  "snapshot_id": "snap-0a502b648c0405ae1",
                  "throughput": "125",
                  "volume_initialization_rate": "0",
                  "volume_size": "2",
                  "volume_type": "gp3"
                },
                "no_device": "",
                "virtual_name": ""
              }
            ],
            "boot_mode": "uefi-preferred",
            "creation_date": "2025-10-22T18:18:13.000Z",
            "deprecation_time": "2026-01-20T00:00:00.000Z",
            "description": "Amazon Linux 2023 AMI 2023.9.20251020.0 x86_64 Minimal HVM kernel-6.1",
            "ena_support": true,
            "executable_users": null,
            "filter": [
              {
                "name": "name",
                "values": [
                  "al2023-ami-*-kernel-6.1-x86_64"
                ]
              }
            ],
            "hypervisor": "xen",
            "id": "ami-0dce106871a7b4aa6",
            "image_id": "ami-0dce106871a7b4aa6",
            "image_location": "amazon/al2023-ami-minimal-2023.9.20251020.0-kernel-6.1-x86_64",
            "image_owner_alias": "amazon",
            "image_type": "machine",
            "imds_support": "v2.0",
            "include_deprecated": false,
            "kernel_id": "",
            "last_launched_time": "",
            "most_recent": true,
            "name": "al2023-ami-minimal-2023.9.20251020.0-kernel-6.1-x86_64",
            "name_regex": null,
            "owner_id": "137112412989",
            "owners": [
              "137112412989"
            ],
            "platform": "",
            "platform_details": "Linux/UNIX",
            "product_codes": [],
            "public": true,
            "ramdisk_id": "",
            "root_device_name": "/dev/xvda",
            "root_device_type": "ebs",
            "root_snapshot_id": "snap-0a502b648c0405ae1",
            "sriov_net_support": "simple",
            "state": "available",
            "state_reason": {
              "code": "UNSET",
              "message": "UNSET"
            },
            "tags": {},
            "timeouts": null,
            "tpm_support": "",
            "uefi_data": null,
            "usage_operation": "RunInstances",
            "virtualization_type": "hvm"
          },
          "sensitive_attributes": [],
          "identity_schema_version": 0
        }
      ]
    },
    {
      "mode": "managed",
      "type": "aws_instance",
      "name": "this",
      "provider": "provider[\"registry.terraform.io/hashicorp/aws\"]",
      "instances": [
        {
          "schema_version": 1,
          "attributes": {
            "ami": "ami-0dce106871a7b4aa6",
            "arn": "arn:aws:ec2:us-east-1:671842155617:instance/i-0aa3acb2b364f1fe6",
            "associate_public_ip_address": true,
            "availability_zone": "us-east-1c",
            "capacity_reservation_specification": [
              {
                "capacity_reservation_preference": "open",
                "capacity_reservation_target": []
              }
            ],
            "cpu_core_count": 1,
            "cpu_options": [
              {
                "amd_sev_snp": "",
                "core_count": 1,
                "threads_per_core": 2
              }
            ],
            "cpu_threads_per_core": 2,
            "credit_specification": [
              {
                "cpu_credits": "unlimited"
              }
            ],
            "disable_api_stop": false,
            "disable_api_termination": false,
            "ebs_block_device": [],
            "ebs_optimized": false,
            "enable_primary_ipv6": null,
            "enclave_options": [
              {
                "enabled": false
              }
            ],
            "ephemeral_block_device": [],
            "get_password_data": false,
            "hibernation": false,
            "host_id": "",
            "host_resource_group_arn": null,
            "iam_instance_profile": "",
            "id": "i-0aa3acb2b364f1fe6",
            "instance_initiated_shutdown_behavior": "stop",
            "instance_lifecycle": "",
            "instance_market_options": [],
            "instance_state": "running",
            "instance_type": "t3.micro",
            "ipv6_address_count": 0,
            "ipv6_addresses": [],
            "key_name": "demo-cicd-kp",
            "launch_template": [],
            "maintenance_options": [
              {
                "auto_recovery": "default"
              }
            ],
            "metadata_options": [
              {
                "http_endpoint": "enabled",
                "http_protocol_ipv6": "disabled",
                "http_put_response_hop_limit": 2,
                "http_tokens": "required",
                "instance_metadata_tags": "disabled"
              }
            ],
            "monitoring": false,
            "network_interface": [],
            "outpost_arn": "",
            "password_data": "",
            "placement_group": "",
            "placement_partition_number": 0,
            "primary_network_interface_id": "eni-0b22c1bd436b5bf9c",
            "private_dns": "ip-172-31-22-173.ec2.internal",
            "private_dns_name_options": [
              {
                "enable_resource_name_dns_a_record": false,
                "enable_resource_name_dns_aaaa_record": false,
                "hostname_type": "ip-name"
              }
            ],
            "private_ip": "172.31.22.173",
            "public_dns": "ec2-44-222-254-184.compute-1.amazonaws.com",
            "public_ip": "44.222.254.184",
            "root_block_device": [
              {
                "delete_on_termination": true,
                "device_name": "/dev/xvda",
                "encrypted": false,
                "iops": 3000,
                "kms_key_id": "",
                "tags": {},
                "tags_all": {},
                "throughput": 125,
                "volume_id": "vol-0e7c29b9ccdaad12e",
                "volume_size": 2,
                "volume_type": "gp3"
              }
            ],
            "secondary_private_ips": [],
            "security_groups": [
              "demo-cicd-sg"
            ],
            "source_dest_check": true,
            "spot_instance_request_id": "",
            "subnet_id": "subnet-0fdcc535c5833f7e6",
            "tags": {
              "Name": "demo-cicd-ec2",
              "Project": "demo-cicd"
            },
            "tags_all": {
              "Name": "demo-cicd-ec2",
              "Project": "demo-cicd"
            },
            "tenancy": "default",
            "timeouts": null,
            "user_data": "17b2e31255614bd7720d64cbd221e8a1af06f525",
            "user_data_base64": null,
            "user_data_replace_on_change": false,
            "volume_tags": null,
            "vpc_security_group_ids": [
              "sg-060fff11215df6385"
            ]
          },
          "sensitive_attributes": [],
          "identity_schema_version": 0,
          "private": "eyJlMmJmYjczMC1lY2FhLTExZTYtOGY4OC0zNDM2M2JjN2M0YzAiOnsiY3JlYXRlIjo2MDAwMDAwMDAwMDAsImRlbGV0ZSI6MTIwMDAwMDAwMDAwMCwicmVhZCI6OTAwMDAwMDAwMDAwLCJ1cGRhdGUiOjYwMDAwMDAwMDAwMH0sInNjaGVtYV92ZXJzaW9uIjoiMSJ9",
          "dependencies": [
            "aws_key_pair.this",
            "aws_security_group.this",
            "data.aws_ami.al2023"
          ]
        }
      ]
    },
    {
      "mode": "managed",
      "type": "aws_key_pair",
      "name": "this",
      "provider": "provider[\"registry.terraform.io/hashicorp/aws\"]",
      "instances": [
        {
          "schema_version": 1,
          "attributes": {
            "arn": "arn:aws:ec2:us-east-1:671842155617:key-pair/demo-cicd-kp",
            "fingerprint": "5f:96:d5:f8:0e:17:b8:01:ef:d9:39:14:b3:c6:52:39",
            "id": "demo-cicd-kp",
            "key_name": "demo-cicd-kp",
            "key_name_prefix": "",
            "key_pair_id": "key-00cfacf5e2a8e5ea0",
            "key_type": "rsa",
            "public_key": "ssh-rsa AAAAB3NzaC1yc2EAAAADAQABAAACAQDDKlhDMJZhC0ApFitr5dN/rH/tvtOV/5/azQCkn/7L1YL8soOXMlBzlDNpHZ7GN1vkWn/BiYa831rPUrYtH88mIzQXDzm5YVhlEdzOjEqGH1fD8wfF5h4ek+ORckStfKfhNFHoXtlG96UxzFZ1AmVFMy1cWb+E7cxaMkMQXopTdV91choMuq/5I0lVXmd8fAgc3gDPlfu/c61wjGqNJnVI5F8JXqA4QSmvrrZKd8BxrhS/O0CYhxT246WAApAImy9kpAO5KnbbrNLeraE0ybiWHao4aW/p9QSPd4YY3j8wK5oQf4Yh/IMOqx4q+9I1O7SVhMzyh897enpuGz0pwfyqkpXFtk81kZsRWYXYNe2qXLjhmN0YDVr/EjY9LnO4rceiX5daFB+BsOC7PAMz7r9CVNBQfjoS5ErZG4YyOVG177RoxQicQ85Nwf+uLKnLac0U3WjBQYMOyKI02EM6JrgXIjXPKp20nvUOt+SO3pq0FOV/YfaeYbw5iZHFPoamwD6Ft+hH94NAaPBDyK187jOI0VKrwUpAuvbU+FKLZwnUA1Q8GGtVGCLueNZ7qdv98Fkj/KzKomO9ZUycxAZMuQtEY//GqDrYIKOW4y4sCb0bqeL9yA++4Z90NGJIib4DZmdRslt1uL16tq1oSKVI1roVeQfd0fPKaUOkkXKjZ9XAHw== kenjikawaidav@gmail.com",
            "tags": {},
            "tags_all": {}
          },
          "sensitive_attributes": [],
          "identity_schema_version": 0,
          "private": "eyJzY2hlbWFfdmVyc2lvbiI6IjEifQ=="
        }
      ]
    },
    {
      "mode": "managed",
      "type": "aws_security_group",
      "name": "this",
      "provider": "provider[\"registry.terraform.io/hashicorp/aws\"]",
      "instances": [
        {
          "schema_version": 1,
          "attributes": {
            "arn": "arn:aws:ec2:us-east-1:671842155617:security-group/sg-060fff11215df6385",
            "description": "Acceso SSH limitado e HTTP publico",
            "egress": [
              {
                "cidr_blocks": [
                  "0.0.0.0/0"
                ],
                "description": "Salida libre",
                "from_port": 0,
                "ipv6_cidr_blocks": [],
                "prefix_list_ids": [],
                "protocol": "-1",
                "security_groups": [],
                "self": false,
                "to_port": 0
              }
            ],
            "id": "sg-060fff11215df6385",
            "ingress": [
              {
                "cidr_blocks": [
                  "0.0.0.0/0"
                ],
                "description": "HTTP",
                "from_port": 80,
                "ipv6_cidr_blocks": [],
                "prefix_list_ids": [],
                "protocol": "tcp",
                "security_groups": [],
                "self": false,
                "to_port": 80
              },
              {
                "cidr_blocks": [
                  "0.0.0.0/0"
                ],
                "description": "SSH",
                "from_port": 22,
                "ipv6_cidr_blocks": [],
                "prefix_list_ids": [],
                "protocol": "tcp",
                "security_groups": [],
                "self": false,
                "to_port": 22
              }
            ],
            "name": "demo-cicd-sg",
            "name_prefix": "",
            "owner_id": "671842155617",
            "revoke_rules_on_delete": false,
            "tags": {
              "Name": "demo-cicd-sg",
              "Project": "demo-cicd"
            },
            "tags_all": {
              "Name": "demo-cicd-sg",
              "Project": "demo-cicd"
            },
            "timeouts": null,
            "vpc_id": "vpc-097150eb89d1ad033"
          },
          "sensitive_attributes": [],
          "identity_schema_version": 0,
          "private": "eyJlMmJmYjczMC1lY2FhLTExZTYtOGY4OC0zNDM2M2JjN2M0YzAiOnsiY3JlYXRlIjo2MDAwMDAwMDAwMDAsImRlbGV0ZSI6OTAwMDAwMDAwMDAwfSwic2NoZW1hX3ZlcnNpb24iOiIxIn0="
        }
      ]
    }
  ],
  "check_results": null
}
