{
  "version": 4,
  "terraform_version": "1.13.3",
  "serial": 5,
  "lineage": "e8bcd59e-1a4d-3b90-58b1-d3736a8584f2",
  "outputs": {},
  "resources": [
    {
      "mode": "data",
      "type": "aws_ami",
      "name": "al2023",
      "provider": "provider[\"registry.terraform.io/hashicorp/aws\"]",
      "instances": [
        {
          "schema_version": 0,
          "attributes": {
            "architecture": "x86_64",
            "arn": "arn:aws:ec2:us-east-1::image/ami-0dce106871a7b4aa6",
            "block_device_mappings": [
              {
                "device_name": "/dev/xvda",
                "ebs": {
                  "delete_on_termination": "true",
                  "encrypted": "false",
                  "iops": "3000",
                  "snapshot_id": "snap-0a502b648c0405ae1",
                  "throughput": "125",
                  "volume_initialization_rate": "0",
                  "volume_size": "2",
                  "volume_type": "gp3"
                },
                "no_device": "",
                "virtual_name": ""
              }
            ],
            "boot_mode": "uefi-preferred",
            "creation_date": "2025-10-22T18:18:13.000Z",
            "deprecation_time": "2026-01-20T00:00:00.000Z",
            "description": "Amazon Linux 2023 AMI 2023.9.20251020.0 x86_64 Minimal HVM kernel-6.1",
            "ena_support": true,
            "executable_users": null,
            "filter": [
              {
                "name": "name",
                "values": [
                  "al2023-ami-*-kernel-6.1-x86_64"
                ]
              }
            ],
            "hypervisor": "xen",
            "id": "ami-0dce106871a7b4aa6",
            "image_id": "ami-0dce106871a7b4aa6",
            "image_location": "amazon/al2023-ami-minimal-2023.9.20251020.0-kernel-6.1-x86_64",
            "image_owner_alias": "amazon",
            "image_type": "machine",
            "imds_support": "v2.0",
            "include_deprecated": false,
            "kernel_id": "",
            "last_launched_time": "",
            "most_recent": true,
            "name": "al2023-ami-minimal-2023.9.20251020.0-kernel-6.1-x86_64",
            "name_regex": null,
            "owner_id": "137112412989",
            "owners": [
              "137112412989"
            ],
            "platform": "",
            "platform_details": "Linux/UNIX",
            "product_codes": [],
            "public": true,
            "ramdisk_id": "",
            "root_device_name": "/dev/xvda",
            "root_device_type": "ebs",
            "root_snapshot_id": "snap-0a502b648c0405ae1",
            "sriov_net_support": "simple",
            "state": "available",
            "state_reason": {
              "code": "UNSET",
              "message": "UNSET"
            },
            "tags": {},
            "timeouts": null,
            "tpm_support": "",
            "uefi_data": null,
            "usage_operation": "RunInstances",
            "virtualization_type": "hvm"
          },
          "sensitive_attributes": [],
          "identity_schema_version": 0
        }
      ]
    },
    {
      "mode": "managed",
      "type": "aws_key_pair",
      "name": "this",
      "provider": "provider[\"registry.terraform.io/hashicorp/aws\"]",
      "instances": [
        {
          "schema_version": 1,
          "attributes": {
            "arn": "arn:aws:ec2:us-east-1:671842155617:key-pair/demo-cicd-kp",
            "fingerprint": "5f:96:d5:f8:0e:17:b8:01:ef:d9:39:14:b3:c6:52:39",
            "id": "demo-cicd-kp",
            "key_name": "demo-cicd-kp",
            "key_name_prefix": "",
            "key_pair_id": "key-00cfacf5e2a8e5ea0",
            "key_type": "rsa",
            "public_key": "ssh-rsa AAAAB3NzaC1yc2EAAAADAQABAAACAQDDKlhDMJZhC0ApFitr5dN/rH/tvtOV/5/azQCkn/7L1YL8soOXMlBzlDNpHZ7GN1vkWn/BiYa831rPUrYtH88mIzQXDzm5YVhlEdzOjEqGH1fD8wfF5h4ek+ORckStfKfhNFHoXtlG96UxzFZ1AmVFMy1cWb+E7cxaMkMQXopTdV91choMuq/5I0lVXmd8fAgc3gDPlfu/c61wjGqNJnVI5F8JXqA4QSmvrrZKd8BxrhS/O0CYhxT246WAApAImy9kpAO5KnbbrNLeraE0ybiWHao4aW/p9QSPd4YY3j8wK5oQf4Yh/IMOqx4q+9I1O7SVhMzyh897enpuGz0pwfyqkpXFtk81kZsRWYXYNe2qXLjhmN0YDVr/EjY9LnO4rceiX5daFB+BsOC7PAMz7r9CVNBQfjoS5ErZG4YyOVG177RoxQicQ85Nwf+uLKnLac0U3WjBQYMOyKI02EM6JrgXIjXPKp20nvUOt+SO3pq0FOV/YfaeYbw5iZHFPoamwD6Ft+hH94NAaPBDyK187jOI0VKrwUpAuvbU+FKLZwnUA1Q8GGtVGCLueNZ7qdv98Fkj/KzKomO9ZUycxAZMuQtEY//GqDrYIKOW4y4sCb0bqeL9yA++4Z90NGJIib4DZmdRslt1uL16tq1oSKVI1roVeQfd0fPKaUOkkXKjZ9XAHw== kenjikawaidav@gmail.com",
            "tags": {},
            "tags_all": {}
          },
          "sensitive_attributes": [],
          "identity_schema_version": 0,
          "private": "eyJzY2hlbWFfdmVyc2lvbiI6IjEifQ=="
        }
      ]
    }
  ],
  "check_results": null
}
